
Microsoft Visual Studio Solution File, Format Version 12.00
# Visual Studio 14
VisualStudioVersion = 14.0.25420.1
MinimumVisualStudioVersion = 10.0.40219.1
Project("{FAE04EC0-301F-11D3-BF4B-00C04F79EFBC}") = "Exceptioner", "Exceptioner\Exceptioner.csproj", "{427AE0BC-B433-4E8B-92B2-F865DCA8BAEC}"
EndProject
Project("{2150E333-8FDC-42A3-9474-1A3956D46DE8}") = "examples", "examples", "{2EAC2563-403B-4C07-8A7A-E3A6B645CE97}"
EndProject
Global
	GlobalSection(SolutionConfigurationPlatforms) = preSolution
		Debug|Any CPU = Debug|Any CPU
		Release|Any CPU = Release|Any CPU
	EndGlobalSection
	GlobalSection(ProjectConfigurationPlatforms) = postSolution
		{427AE0BC-B433-4E8B-92B2-F865DCA8BAEC}.Debug|Any CPU.ActiveCfg = Debug|Any CPU
		{427AE0BC-B433-4E8B-92B2-F865DCA8BAEC}.Debug|Any CPU.Build.0 = Debug|Any CPU
		{427AE0BC-B433-4E8B-92B2-F865DCA8BAEC}.Release|Any CPU.ActiveCfg = Release|Any CPU
		{427AE0BC-B433-4E8B-92B2-F865DCA8BAEC}.Release|Any CPU.Build.0 = Release|Any CPU
	EndGlobalSection
	GlobalSection(SolutionProperties) = preSolution
		HideSolutionNode = FALSE
	EndGlobalSection
EndGlobal
